
Microsoft Visual Studio Solution File, Format Version 12.00
# Visual Studio Version 16
VisualStudioVersion = 16.0.30002.166
MinimumVisualStudioVersion = 10.0.40219.1
Project("{8BC9CEB8-8B4A-11D0-8D11-00A0C91BC942}") = "hw3d", "hw3d\hw3d.vcxproj", "{26DE47B9-E5A8-4437-A75A-71D7E6880336}"
EndProject
Global
	GlobalSection(SolutionConfigurationPlatforms) = preSolution
		Debug|x64 = Debug|x64
		Debug|x86 = Debug|x86
		Release|x64 = Release|x64
		Release|x86 = Release|x86
	EndGlobalSection
	GlobalSection(ProjectConfigurationPlatforms) = postSolution
		{26DE47B9-E5A8-4437-A75A-71D7E6880336}.Debug|x64.ActiveCfg = Debug|x64
		{26DE47B9-E5A8-4437-A75A-71D7E6880336}.Debug|x64.Build.0 = Debug|x64
		{26DE47B9-E5A8-4437-A75A-71D7E6880336}.Debug|x86.ActiveCfg = Debug|Win32
		{26DE47B9-E5A8-4437-A75A-71D7E6880336}.Debug|x86.Build.0 = Debug|Win32
		{26DE47B9-E5A8-4437-A75A-71D7E6880336}.Release|x64.ActiveCfg = Release|x64
		{26DE47B9-E5A8-4437-A75A-71D7E6880336}.Release|x64.Build.0 = Release|x64
		{26DE47B9-E5A8-4437-A75A-71D7E6880336}.Release|x86.ActiveCfg = Release|Win32
		{26DE47B9-E5A8-4437-A75A-71D7E6880336}.Release|x86.Build.0 = Release|Win32
	EndGlobalSection
	GlobalSection(SolutionProperties) = preSolution
		HideSolutionNode = FALSE
	EndGlobalSection
	GlobalSection(ExtensibilityGlobals) = postSolution
		SolutionGuid = {FCC1466C-2D9C-43B0-8054-9000CDB030E0}
	EndGlobalSection
EndGlobal
